// !$*UTF8*$!
{
	archiveVersion = 1;
	classes = {
	};
	objectVersion = 46;
	objects = {

/* Begin PBXBuildFile section */
		C2B06C091EDFB66F0057C82F /* Solider.cpp in Sources */ = {isa = PBXBuildFile; fileRef = C2B06C071EDFB66F0057C82F /* Solider.cpp */; };
		C2B06C0C1EDFB7430057C82F /* Infantryman.cpp in Sources */ = {isa = PBXBuildFile; fileRef = C2B06C0A1EDFB7430057C82F /* Infantryman.cpp */; };
		C2B06C0F1EDFB89F0057C82F /* Sniper.cpp in Sources */ = {isa = PBXBuildFile; fileRef = C2B06C0D1EDFB89F0057C82F /* Sniper.cpp */; };
		C2B06C121EDFE6830057C82F /* WeaponBehavior.cpp in Sources */ = {isa = PBXBuildFile; fileRef = C2B06C101EDFE6830057C82F /* WeaponBehavior.cpp */; };
		C2B204821ED6713600FCB408 /* main.cpp in Sources */ = {isa = PBXBuildFile; fileRef = C2B204811ED6713600FCB408 /* main.cpp */; };
		C2B2048F1ED671E700FCB408 /* StrategyPattern.cpp in Sources */ = {isa = PBXBuildFile; fileRef = C2B2048D1ED671E700FCB408 /* StrategyPattern.cpp */; };
/* End PBXBuildFile section */

/* Begin PBXCopyFilesBuildPhase section */
		C2B2047C1ED6713600FCB408 /* CopyFiles */ = {
			isa = PBXCopyFilesBuildPhase;
			buildActionMask = 2147483647;
			dstPath = /usr/share/man/man1/;
			dstSubfolderSpec = 0;
			files = (
			);
			runOnlyForDeploymentPostprocessing = 1;
		};
/* End PBXCopyFilesBuildPhase section */

/* Begin PBXFileReference section */
		C2B06C071EDFB66F0057C82F /* Solider.cpp */ = {isa = PBXFileReference; fileEncoding = 4; lastKnownFileType = sourcecode.cpp.cpp; path = Solider.cpp; sourceTree = "<group>"; };
		C2B06C081EDFB66F0057C82F /* Solider.hpp */ = {isa = PBXFileReference; fileEncoding = 4; lastKnownFileType = sourcecode.cpp.h; path = Solider.hpp; sourceTree = "<group>"; };
		C2B06C0A1EDFB7430057C82F /* Infantryman.cpp */ = {isa = PBXFileReference; fileEncoding = 4; lastKnownFileType = sourcecode.cpp.cpp; path = Infantryman.cpp; sourceTree = "<group>"; };
		C2B06C0B1EDFB7430057C82F /* Infantryman.hpp */ = {isa = PBXFileReference; fileEncoding = 4; lastKnownFileType = sourcecode.cpp.h; path = Infantryman.hpp; sourceTree = "<group>"; };
		C2B06C0D1EDFB89F0057C82F /* Sniper.cpp */ = {isa = PBXFileReference; fileEncoding = 4; lastKnownFileType = sourcecode.cpp.cpp; path = Sniper.cpp; sourceTree = "<group>"; };
		C2B06C0E1EDFB89F0057C82F /* Sniper.hpp */ = {isa = PBXFileReference; fileEncoding = 4; lastKnownFileType = sourcecode.cpp.h; path = Sniper.hpp; sourceTree = "<group>"; };
		C2B06C101EDFE6830057C82F /* WeaponBehavior.cpp */ = {isa = PBXFileReference; fileEncoding = 4; lastKnownFileType = sourcecode.cpp.cpp; path = WeaponBehavior.cpp; sourceTree = "<group>"; };
		C2B06C111EDFE6830057C82F /* WeaponBehavior.hpp */ = {isa = PBXFileReference; fileEncoding = 4; lastKnownFileType = sourcecode.cpp.h; path = WeaponBehavior.hpp; sourceTree = "<group>"; };
		C2B2047E1ED6713600FCB408 /* DesignPattern */ = {isa = PBXFileReference; explicitFileType = "compiled.mach-o.executable"; includeInIndex = 0; path = DesignPattern; sourceTree = BUILT_PRODUCTS_DIR; };
		C2B204811ED6713600FCB408 /* main.cpp */ = {isa = PBXFileReference; lastKnownFileType = sourcecode.cpp.cpp; path = main.cpp; sourceTree = "<group>"; };
		C2B2048D1ED671E700FCB408 /* StrategyPattern.cpp */ = {isa = PBXFileReference; fileEncoding = 4; lastKnownFileType = sourcecode.cpp.cpp; path = StrategyPattern.cpp; sourceTree = "<group>"; };
		C2B2048E1ED671E700FCB408 /* StrategyPattern.hpp */ = {isa = PBXFileReference; fileEncoding = 4; lastKnownFileType = sourcecode.cpp.h; path = StrategyPattern.hpp; sourceTree = "<group>"; };
/* End PBXFileReference section */

/* Begin PBXFrameworksBuildPhase section */
		C2B2047B1ED6713600FCB408 /* Frameworks */ = {
			isa = PBXFrameworksBuildPhase;
			buildActionMask = 2147483647;
			files = (
			);
			runOnlyForDeploymentPostprocessing = 0;
		};
/* End PBXFrameworksBuildPhase section */

/* Begin PBXGroup section */
		C2B204751ED6713600FCB408 = {
			isa = PBXGroup;
			children = (
				C2B204801ED6713600FCB408 /* DesignPattern */,
				C2B2047F1ED6713600FCB408 /* Products */,
			);
			sourceTree = "<group>";
		};
		C2B2047F1ED6713600FCB408 /* Products */ = {
			isa = PBXGroup;
			children = (
				C2B2047E1ED6713600FCB408 /* DesignPattern */,
			);
			name = Products;
			sourceTree = "<group>";
		};
		C2B204801ED6713600FCB408 /* DesignPattern */ = {
			isa = PBXGroup;
			children = (
				C2B2048C1ED671E700FCB408 /* StrategyPattern */,
				C2B204811ED6713600FCB408 /* main.cpp */,
			);
			path = DesignPattern;
			sourceTree = "<group>";
		};
		C2B2048C1ED671E700FCB408 /* StrategyPattern */ = {
			isa = PBXGroup;
			children = (
				C2B2048D1ED671E700FCB408 /* StrategyPattern.cpp */,
				C2B2048E1ED671E700FCB408 /* StrategyPattern.hpp */,
				C2B06C071EDFB66F0057C82F /* Solider.cpp */,
				C2B06C081EDFB66F0057C82F /* Solider.hpp */,
				C2B06C0A1EDFB7430057C82F /* Infantryman.cpp */,
				C2B06C0B1EDFB7430057C82F /* Infantryman.hpp */,
				C2B06C0D1EDFB89F0057C82F /* Sniper.cpp */,
				C2B06C0E1EDFB89F0057C82F /* Sniper.hpp */,
				C2B06C101EDFE6830057C82F /* WeaponBehavior.cpp */,
				C2B06C111EDFE6830057C82F /* WeaponBehavior.hpp */,
			);
			path = StrategyPattern;
			sourceTree = "<group>";
		};
/* End PBXGroup section */

/* Begin PBXNativeTarget section */
		C2B2047D1ED6713600FCB408 /* DesignPattern */ = {
			isa = PBXNativeTarget;
			buildConfigurationList = C2B204851ED6713600FCB408 /* Build configuration list for PBXNativeTarget "DesignPattern" */;
			buildPhases = (
				C2B2047A1ED6713600FCB408 /* Sources */,
				C2B2047B1ED6713600FCB408 /* Frameworks */,
				C2B2047C1ED6713600FCB408 /* CopyFiles */,
			);
			buildRules = (
			);
			dependencies = (
			);
			name = DesignPattern;
			productName = DesignPattern;
			productReference = C2B2047E1ED6713600FCB408 /* DesignPattern */;
			productType = "com.apple.product-type.tool";
		};
/* End PBXNativeTarget section */

/* Begin PBXProject section */
		C2B204761ED6713600FCB408 /* Project object */ = {
			isa = PBXProject;
			attributes = {
				LastUpgradeCheck = 0820;
				ORGANIZATIONNAME = DoHyun;
				TargetAttributes = {
					C2B2047D1ED6713600FCB408 = {
						CreatedOnToolsVersion = 8.2.1;
						ProvisioningStyle = Automatic;
					};
				};
			};
			buildConfigurationList = C2B204791ED6713600FCB408 /* Build configuration list for PBXProject "DesignPattern" */;
			compatibilityVersion = "Xcode 3.2";
			developmentRegion = English;
			hasScannedForEncodings = 0;
			knownRegions = (
				en,
			);
			mainGroup = C2B204751ED6713600FCB408;
			productRefGroup = C2B2047F1ED6713600FCB408 /* Products */;
			projectDirPath = "";
			projectRoot = "";
			targets = (
				C2B2047D1ED6713600FCB408 /* DesignPattern */,
			);
		};
/* End PBXProject section */

/* Begin PBXSourcesBuildPhase section */
		C2B2047A1ED6713600FCB408 /* Sources */ = {
			isa = PBXSourcesBuildPhase;
			buildActionMask = 2147483647;
			files = (
				C2B06C0F1EDFB89F0057C82F /* Sniper.cpp in Sources */,
				C2B204821ED6713600FCB408 /* main.cpp in Sources */,
				C2B2048F1ED671E700FCB408 /* StrategyPattern.cpp in Sources */,
				C2B06C121EDFE6830057C82F /* WeaponBehavior.cpp in Sources */,
				C2B06C091EDFB66F0057C82F /* Solider.cpp in Sources */,
				C2B06C0C1EDFB7430057C82F /* Infantryman.cpp in Sources */,
			);
			runOnlyForDeploymentPostprocessing = 0;
		};
/* End PBXSourcesBuildPhase section */

/* Begin XCBuildConfiguration section */
		C2B204831ED6713600FCB408 /* Debug */ = {
			isa = XCBuildConfiguration;
			buildSettings = {
				ALWAYS_SEARCH_USER_PATHS = NO;
				CLANG_ANALYZER_NONNULL = YES;
				CLANG_CXX_LANGUAGE_STANDARD = "gnu++0x";
				CLANG_CXX_LIBRARY = "libc++";
				CLANG_ENABLE_MODULES = YES;
				CLANG_ENABLE_OBJC_ARC = YES;
				CLANG_WARN_BOOL_CONVERSION = YES;
				CLANG_WARN_CONSTANT_CONVERSION = YES;
				CLANG_WARN_DIRECT_OBJC_ISA_USAGE = YES_ERROR;
				CLANG_WARN_DOCUMENTATION_COMMENTS = YES;
				CLANG_WARN_EMPTY_BODY = YES;
				CLANG_WARN_ENUM_CONVERSION = YES;
				CLANG_WARN_INFINITE_RECURSION = YES;
				CLANG_WARN_INT_CONVERSION = YES;
				CLANG_WARN_OBJC_ROOT_CLASS = YES_ERROR;
				CLANG_WARN_SUSPICIOUS_MOVE = YES;
				CLANG_WARN_UNREACHABLE_CODE = YES;
				CLANG_WARN__DUPLICATE_METHOD_MATCH = YES;
				CODE_SIGN_IDENTITY = "-";
				COPY_PHASE_STRIP = NO;
				DEBUG_INFORMATION_FORMAT = dwarf;
				ENABLE_STRICT_OBJC_MSGSEND = YES;
				ENABLE_TESTABILITY = YES;
				GCC_C_LANGUAGE_STANDARD = gnu99;
				GCC_DYNAMIC_NO_PIC = NO;
				GCC_NO_COMMON_BLOCKS = YES;
				GCC_OPTIMIZATION_LEVEL = 0;
				GCC_PREPROCESSOR_DEFINITIONS = (
					"DEBUG=1",
					"$(inherited)",
				);
				GCC_WARN_64_TO_32_BIT_CONVERSION = YES;
				GCC_WARN_ABOUT_RETURN_TYPE = YES_ERROR;
				GCC_WARN_UNDECLARED_SELECTOR = YES;
				GCC_WARN_UNINITIALIZED_AUTOS = YES_AGGRESSIVE;
				GCC_WARN_UNUSED_FUNCTION = YES;
				GCC_WARN_UNUSED_VARIABLE = YES;
				MACOSX_DEPLOYMENT_TARGET = 10.11;
				MTL_ENABLE_DEBUG_INFO = YES;
				ONLY_ACTIVE_ARCH = YES;
				SDKROOT = macosx;
			};
			name = Debug;
		};
		C2B204841ED6713600FCB408 /* Release */ = {
			isa = XCBuildConfiguration;
			buildSettings = {
				ALWAYS_SEARCH_USER_PATHS = NO;
				CLANG_ANALYZER_NONNULL = YES;
				CLANG_CXX_LANGUAGE_STANDARD = "gnu++0x";
				CLANG_CXX_LIBRARY = "libc++";
				CLANG_ENABLE_MODULES = YES;
				CLANG_ENABLE_OBJC_ARC = YES;
				CLANG_WARN_BOOL_CONVERSION = YES;
				CLANG_WARN_CONSTANT_CONVERSION = YES;
				CLANG_WARN_DIRECT_OBJC_ISA_USAGE = YES_ERROR;
				CLANG_WARN_DOCUMENTATION_COMMENTS = YES;
				CLANG_WARN_EMPTY_BODY = YES;
				CLANG_WARN_ENUM_CONVERSION = YES;
				CLANG_WARN_INFINITE_RECURSION = YES;
				CLANG_WARN_INT_CONVERSION = YES;
				CLANG_WARN_OBJC_ROOT_CLASS = YES_ERROR;
				CLANG_WARN_SUSPICIOUS_MOVE = YES;
				CLANG_WARN_UNREACHABLE_CODE = YES;
				CLANG_WARN__DUPLICATE_METHOD_MATCH = YES;
				CODE_SIGN_IDENTITY = "-";
				COPY_PHASE_STRIP = NO;
				DEBUG_INFORMATION_FORMAT = "dwarf-with-dsym";
				ENABLE_NS_ASSERTIONS = NO;
				ENABLE_STRICT_OBJC_MSGSEND = YES;
				GCC_C_LANGUAGE_STANDARD = gnu99;
				GCC_NO_COMMON_BLOCKS = YES;
				GCC_WARN_64_TO_32_BIT_CONVERSION = YES;
				GCC_WARN_ABOUT_RETURN_TYPE = YES_ERROR;
				GCC_WARN_UNDECLARED_SELECTOR = YES;
				GCC_WARN_UNINITIALIZED_AUTOS = YES_AGGRESSIVE;
				GCC_WARN_UNUSED_FUNCTION = YES;
				GCC_WARN_UNUSED_VARIABLE = YES;
				MACOSX_DEPLOYMENT_TARGET = 10.11;
				MTL_ENABLE_DEBUG_INFO = NO;
				SDKROOT = macosx;
			};
			name = Release;
		};
		C2B204861ED6713600FCB408 /* Debug */ = {
			isa = XCBuildConfiguration;
			buildSettings = {
				PRODUCT_NAME = "$(TARGET_NAME)";
			};
			name = Debug;
		};
		C2B204871ED6713600FCB408 /* Release */ = {
			isa = XCBuildConfiguration;
			buildSettings = {
				PRODUCT_NAME = "$(TARGET_NAME)";
			};
			name = Release;
		};
/* End XCBuildConfiguration section */

/* Begin XCConfigurationList section */
		C2B204791ED6713600FCB408 /* Build configuration list for PBXProject "DesignPattern" */ = {
			isa = XCConfigurationList;
			buildConfigurations = (
				C2B204831ED6713600FCB408 /* Debug */,
				C2B204841ED6713600FCB408 /* Release */,
			);
			defaultConfigurationIsVisible = 0;
			defaultConfigurationName = Release;
		};
		C2B204851ED6713600FCB408 /* Build configuration list for PBXNativeTarget "DesignPattern" */ = {
			isa = XCConfigurationList;
			buildConfigurations = (
				C2B204861ED6713600FCB408 /* Debug */,
				C2B204871ED6713600FCB408 /* Release */,
			);
			defaultConfigurationIsVisible = 0;
			defaultConfigurationName = Release;
		};
/* End XCConfigurationList section */
	};
	rootObject = C2B204761ED6713600FCB408 /* Project object */;
}
